
Microsoft Visual Studio Solution File, Format Version 12.00
# Visual Studio Version 16
VisualStudioVersion = 16.0.29009.5
MinimumVisualStudioVersion = 10.0.40219.1
Project("{FAE04EC0-301F-11D3-BF4B-00C04F79EFBC}") = "SisifoNotes.Web", "SisifoNotes.Web\SisifoNotes.Web.csproj", "{3F441B38-177C-4B93-93B4-ED9B9B3E29F8}"
EndProject
Project("{FAE04EC0-301F-11D3-BF4B-00C04F79EFBC}") = "SisifoNotes.Lib", "SisifoNotes.Lib\SisifoNotes.Lib.csproj", "{AC02ED61-4528-4484-A15C-090F7EE82EEE}"
EndProject
Global
	GlobalSection(SolutionConfigurationPlatforms) = preSolution
		Debug|Any CPU = Debug|Any CPU
		Release|Any CPU = Release|Any CPU
	EndGlobalSection
	GlobalSection(ProjectConfigurationPlatforms) = postSolution
		{3F441B38-177C-4B93-93B4-ED9B9B3E29F8}.Debug|Any CPU.ActiveCfg = Debug|Any CPU
		{3F441B38-177C-4B93-93B4-ED9B9B3E29F8}.Debug|Any CPU.Build.0 = Debug|Any CPU
		{3F441B38-177C-4B93-93B4-ED9B9B3E29F8}.Release|Any CPU.ActiveCfg = Release|Any CPU
		{3F441B38-177C-4B93-93B4-ED9B9B3E29F8}.Release|Any CPU.Build.0 = Release|Any CPU
		{AC02ED61-4528-4484-A15C-090F7EE82EEE}.Debug|Any CPU.ActiveCfg = Debug|Any CPU
		{AC02ED61-4528-4484-A15C-090F7EE82EEE}.Debug|Any CPU.Build.0 = Debug|Any CPU
		{AC02ED61-4528-4484-A15C-090F7EE82EEE}.Release|Any CPU.ActiveCfg = Release|Any CPU
		{AC02ED61-4528-4484-A15C-090F7EE82EEE}.Release|Any CPU.Build.0 = Release|Any CPU
	EndGlobalSection
	GlobalSection(SolutionProperties) = preSolution
		HideSolutionNode = FALSE
	EndGlobalSection
	GlobalSection(ExtensibilityGlobals) = postSolution
		SolutionGuid = {27C258A7-E2ED-4419-9798-932F707C7B02}
	EndGlobalSection
EndGlobal
